
Microsoft Visual Studio Solution File, Format Version 12.00
# Visual Studio Version 17
VisualStudioVersion = 17.3.32901.215
MinimumVisualStudioVersion = 10.0.40219.1
Project("{FAE04EC0-301F-11D3-BF4B-00C04F79EFBC}") = "BT", "BT\BT.csproj", "{015A4578-3971-4334-89E1-78D66E14C55E}"
EndProject
Global
	GlobalSection(SolutionConfigurationPlatforms) = preSolution
		Debug|Any CPU = Debug|Any CPU
		Release|Any CPU = Release|Any CPU
	EndGlobalSection
	GlobalSection(ProjectConfigurationPlatforms) = postSolution
		{015A4578-3971-4334-89E1-78D66E14C55E}.Debug|Any CPU.ActiveCfg = Debug|Any CPU
		{015A4578-3971-4334-89E1-78D66E14C55E}.Debug|Any CPU.Build.0 = Debug|Any CPU
		{015A4578-3971-4334-89E1-78D66E14C55E}.Release|Any CPU.ActiveCfg = Release|Any CPU
		{015A4578-3971-4334-89E1-78D66E14C55E}.Release|Any CPU.Build.0 = Release|Any CPU
	EndGlobalSection
	GlobalSection(SolutionProperties) = preSolution
		HideSolutionNode = FALSE
	EndGlobalSection
	GlobalSection(ExtensibilityGlobals) = postSolution
		SolutionGuid = {7747C0B8-4DB3-40A2-A065-B786B81A380D}
	EndGlobalSection
EndGlobal
